
Microsoft Visual Studio Solution File, Format Version 12.00
# Visual Studio Version 18
VisualStudioVersion = 18.6.11819.183
MinimumVisualStudioVersion = 10.0.40219.1
Project("{FAE04EC0-301F-11D3-BF4B-00C04F79EFBC}") = "LibMpvWrapper", "LibMpvWrapper\LibMpvWrapper.csproj", "{530F126B-8E31-47D8-AA8A-C4A76764ED83}"
EndProject
Project("{FAE04EC0-301F-11D3-BF4B-00C04F79EFBC}") = "mpvtest", "mpvtest\mpvtest.csproj", "{4B95F1A0-028E-4C53-BA78-396D86812A04}"
EndProject
Project("{FAE04EC0-301F-11D3-BF4B-00C04F79EFBC}") = "libmpv2net2", "libmpv2net2\libmpv2net2.csproj", "{6B2226BA-9911-4CA5-8F80-3912E2445A6B}"
EndProject
Project("{FAE04EC0-301F-11D3-BF4B-00C04F79EFBC}") = "libmpv2net", "libmpv2net\libmpv2net.csproj", "{C0DEA6D8-C05D-40B9-8F48-CF1F63C1734A}"
EndProject
Global
	GlobalSection(SolutionConfigurationPlatforms) = preSolution
		Debug|Any CPU = Debug|Any CPU
		Release|Any CPU = Release|Any CPU
	EndGlobalSection
	GlobalSection(ProjectConfigurationPlatforms) = postSolution
		{530F126B-8E31-47D8-AA8A-C4A76764ED83}.Debug|Any CPU.ActiveCfg = Debug|Any CPU
		{530F126B-8E31-47D8-AA8A-C4A76764ED83}.Debug|Any CPU.Build.0 = Debug|Any CPU
		{530F126B-8E31-47D8-AA8A-C4A76764ED83}.Release|Any CPU.ActiveCfg = Release|Any CPU
		{530F126B-8E31-47D8-AA8A-C4A76764ED83}.Release|Any CPU.Build.0 = Release|Any CPU
		{4B95F1A0-028E-4C53-BA78-396D86812A04}.Debug|Any CPU.ActiveCfg = Debug|Any CPU
		{4B95F1A0-028E-4C53-BA78-396D86812A04}.Debug|Any CPU.Build.0 = Debug|Any CPU
		{4B95F1A0-028E-4C53-BA78-396D86812A04}.Release|Any CPU.ActiveCfg = Release|Any CPU
		{4B95F1A0-028E-4C53-BA78-396D86812A04}.Release|Any CPU.Build.0 = Release|Any CPU
		{6B2226BA-9911-4CA5-8F80-3912E2445A6B}.Debug|Any CPU.ActiveCfg = Debug|Any CPU
		{6B2226BA-9911-4CA5-8F80-3912E2445A6B}.Debug|Any CPU.Build.0 = Debug|Any CPU
		{6B2226BA-9911-4CA5-8F80-3912E2445A6B}.Release|Any CPU.ActiveCfg = Release|Any CPU
		{6B2226BA-9911-4CA5-8F80-3912E2445A6B}.Release|Any CPU.Build.0 = Release|Any CPU
		{C0DEA6D8-C05D-40B9-8F48-CF1F63C1734A}.Debug|Any CPU.ActiveCfg = Debug|Any CPU
		{C0DEA6D8-C05D-40B9-8F48-CF1F63C1734A}.Debug|Any CPU.Build.0 = Debug|Any CPU
		{C0DEA6D8-C05D-40B9-8F48-CF1F63C1734A}.Release|Any CPU.ActiveCfg = Release|Any CPU
		{C0DEA6D8-C05D-40B9-8F48-CF1F63C1734A}.Release|Any CPU.Build.0 = Release|Any CPU
	EndGlobalSection
	GlobalSection(SolutionProperties) = preSolution
		HideSolutionNode = FALSE
	EndGlobalSection
	GlobalSection(ExtensibilityGlobals) = postSolution
		SolutionGuid = {BF7B464F-E4FC-4F54-B596-532AB9EF64F9}
	EndGlobalSection
EndGlobal
